Microsoft Visual Studio Solution File, Format Version 11.00
# Visual Studio 2008

Project("{6B22FCAA-D4F7-3407-C7B4-0DEF257BD4FC}") = "Midterm Roll-A-Ball", "Assembly-CSharp.csproj", "{02BB94DD-528A-9138-5065-5FB00253B1FE}"
EndProject
Global
	GlobalSection(SolutionConfigurationPlatforms) = preSolution
		Debug|Any CPU = Debug|Any CPU
		Release|Any CPU = Release|Any CPU
	EndGlobalSection
	GlobalSection(ProjectConfigurationPlatforms) = postSolution
		{02BB94DD-528A-9138-5065-5FB00253B1FE}.Debug|Any CPU.ActiveCfg = Debug|Any CPU
		{02BB94DD-528A-9138-5065-5FB00253B1FE}.Debug|Any CPU.Build.0 = Debug|Any CPU
		{02BB94DD-528A-9138-5065-5FB00253B1FE}.Release|Any CPU.ActiveCfg = Release|Any CPU
		{02BB94DD-528A-9138-5065-5FB00253B1FE}.Release|Any CPU.Build.0 = Release|Any CPU
	EndGlobalSection
	GlobalSection(SolutionProperties) = preSolution
		HideSolutionNode = FALSE
	EndGlobalSection
	GlobalSection(MonoDevelopProperties) = preSolution
		StartupItem = Assembly-CSharp.csproj
	EndGlobalSection
EndGlobal
